
Microsoft Visual Studio Solution File, Format Version 10.00
# Visual Studio 2008
Project("{8BC9CEB8-8B4A-11D0-8D11-00A0C91BC942}") = "guess_num", "guess_num\guess_num.vcproj", "{D376C968-1D7A-4947-B82C-F04A27F6DCAC}"
EndProject
Global
	GlobalSection(SolutionConfigurationPlatforms) = preSolution
		Debug|Win32 = Debug|Win32
		Release|Win32 = Release|Win32
	EndGlobalSection
	GlobalSection(ProjectConfigurationPlatforms) = postSolution
		{D376C968-1D7A-4947-B82C-F04A27F6DCAC}.Debug|Win32.ActiveCfg = Debug|Win32
		{D376C968-1D7A-4947-B82C-F04A27F6DCAC}.Debug|Win32.Build.0 = Debug|Win32
		{D376C968-1D7A-4947-B82C-F04A27F6DCAC}.Release|Win32.ActiveCfg = Release|Win32
		{D376C968-1D7A-4947-B82C-F04A27F6DCAC}.Release|Win32.Build.0 = Release|Win32
	EndGlobalSection
	GlobalSection(SolutionProperties) = preSolution
		HideSolutionNode = FALSE
	EndGlobalSection
EndGlobal
